
Microsoft Visual Studio Solution File, Format Version 12.00
# Visual Studio 15
Project("{FAE04EC0-301F-11D3-BF4B-00C04F79EFBC}") = "MeltingPotDef", "MeltingPotDef.csproj", "{F80E3A03-59CA-BB1D-BD40-9807A6266031}"
EndProject
Project("{FAE04EC0-301F-11D3-BF4B-00C04F79EFBC}") = "RoR2EditorKit", "RoR2EditorKit.csproj", "{E20D61A8-B2F4-B820-A5A3-DA0848D956B4}"
EndProject
Project("{FAE04EC0-301F-11D3-BF4B-00C04F79EFBC}") = "Assembly-CSharp-Editor", "Assembly-CSharp-Editor.csproj", "{8C846C9F-EE62-D403-F8A2-4693D2D72E93}"
EndProject
Project("{FAE04EC0-301F-11D3-BF4B-00C04F79EFBC}") = "AssetUsageDetector.Editor", "AssetUsageDetector.Editor.csproj", "{ECBE0850-6E8E-3186-20F5-CEECA48C3988}"
EndProject
Global
	GlobalSection(SolutionConfigurationPlatforms) = preSolution
		Debug|Any CPU = Debug|Any CPU
		Release|Any CPU = Release|Any CPU
	EndGlobalSection
	GlobalSection(ProjectConfigurationPlatforms) = postSolution
		{F80E3A03-59CA-BB1D-BD40-9807A6266031}.Debug|Any CPU.ActiveCfg = Debug|Any CPU
		{F80E3A03-59CA-BB1D-BD40-9807A6266031}.Debug|Any CPU.Build.0 = Debug|Any CPU
		{F80E3A03-59CA-BB1D-BD40-9807A6266031}.Release|Any CPU.ActiveCfg = Release|Any CPU
		{F80E3A03-59CA-BB1D-BD40-9807A6266031}.Release|Any CPU.Build.0 = Release|Any CPU
		{E20D61A8-B2F4-B820-A5A3-DA0848D956B4}.Debug|Any CPU.ActiveCfg = Debug|Any CPU
		{E20D61A8-B2F4-B820-A5A3-DA0848D956B4}.Debug|Any CPU.Build.0 = Debug|Any CPU
		{E20D61A8-B2F4-B820-A5A3-DA0848D956B4}.Release|Any CPU.ActiveCfg = Release|Any CPU
		{E20D61A8-B2F4-B820-A5A3-DA0848D956B4}.Release|Any CPU.Build.0 = Release|Any CPU
		{8C846C9F-EE62-D403-F8A2-4693D2D72E93}.Debug|Any CPU.ActiveCfg = Debug|Any CPU
		{8C846C9F-EE62-D403-F8A2-4693D2D72E93}.Debug|Any CPU.Build.0 = Debug|Any CPU
		{8C846C9F-EE62-D403-F8A2-4693D2D72E93}.Release|Any CPU.ActiveCfg = Release|Any CPU
		{8C846C9F-EE62-D403-F8A2-4693D2D72E93}.Release|Any CPU.Build.0 = Release|Any CPU
		{ECBE0850-6E8E-3186-20F5-CEECA48C3988}.Debug|Any CPU.ActiveCfg = Debug|Any CPU
		{ECBE0850-6E8E-3186-20F5-CEECA48C3988}.Debug|Any CPU.Build.0 = Debug|Any CPU
		{ECBE0850-6E8E-3186-20F5-CEECA48C3988}.Release|Any CPU.ActiveCfg = Release|Any CPU
		{ECBE0850-6E8E-3186-20F5-CEECA48C3988}.Release|Any CPU.Build.0 = Release|Any CPU
	EndGlobalSection
	GlobalSection(SolutionProperties) = preSolution
		HideSolutionNode = FALSE
	EndGlobalSection
	GlobalSection(MonoDevelopProperties) = preSolution
		StartupItem = Assembly-CSharp.csproj
	EndGlobalSection
EndGlobal
